
Microsoft Visual Studio Solution File, Format Version 12.00
# Visual Studio 14
VisualStudioVersion = 14.0.25123.0
MinimumVisualStudioVersion = 10.0.40219.1
Project("{FAE04EC0-301F-11D3-BF4B-00C04F79EFBC}") = "PlexRequests.UI", "PlexRequests.UI\PlexRequests.UI.csproj", "{68F5F5F3-B8BB-4911-875F-6F00AAE04EA6}"
EndProject
Project("{FAE04EC0-301F-11D3-BF4B-00C04F79EFBC}") = "PlexRequests.Api", "PlexRequests.Api\PlexRequests.Api.csproj", "{8CB8D235-2674-442D-9C6A-35FCAEEB160D}"
EndProject
Project("{FAE04EC0-301F-11D3-BF4B-00C04F79EFBC}") = "PlexRequests.Api.Interfaces", "PlexRequests.Api.Interfaces\PlexRequests.Api.Interfaces.csproj", "{95834072-A675-415D-AA8F-877C91623810}"
EndProject
Project("{FAE04EC0-301F-11D3-BF4B-00C04F79EFBC}") = "PlexRequests.Core", "PlexRequests.Core\PlexRequests.Core.csproj", "{DD7DC444-D3BF-4027-8AB9-EFC71F5EC581}"
EndProject
Project("{FAE04EC0-301F-11D3-BF4B-00C04F79EFBC}") = "PlexRequests.Store", "PlexRequests.Store\PlexRequests.Store.csproj", "{92433867-2B7B-477B-A566-96C382427525}"
EndProject
Project("{2150E333-8FDC-42A3-9474-1A3956D46DE8}") = "Solution Items", "Solution Items", "{F4BC839C-B8FF-48BE-B22E-536A0A0A81A5}"
	ProjectSection(SolutionItems) = preProject
		.travis.yml = .travis.yml
		appveyor.yml = appveyor.yml
		LICENSE = LICENSE
		README.md = README.md
	EndProjectSection
EndProject
Project("{FAE04EC0-301F-11D3-BF4B-00C04F79EFBC}") = "PlexRequests.Helpers", "PlexRequests.Helpers\PlexRequests.Helpers.csproj", "{1252336D-42A3-482A-804C-836E60173DFA}"
EndProject
Project("{FAE04EC0-301F-11D3-BF4B-00C04F79EFBC}") = "PlexRequests.UI.Tests", "PlexRequests.UI.Tests\PlexRequests.UI.Tests.csproj", "{A930E2CF-79E2-45F9-B06A-9A719A254CE4}"
EndProject
Project("{FAE04EC0-301F-11D3-BF4B-00C04F79EFBC}") = "PlexRequests.Core.Tests", "PlexRequests.Core.Tests\PlexRequests.Core.Tests.csproj", "{FCFECD5D-47F6-454D-8692-E27A921BE655}"
EndProject
Project("{FAE04EC0-301F-11D3-BF4B-00C04F79EFBC}") = "PlexRequests.Services", "PlexRequests.Services\PlexRequests.Services.csproj", "{566EFA49-68F8-4716-9693-A6B3F2624DEA}"
EndProject
Project("{FAE04EC0-301F-11D3-BF4B-00C04F79EFBC}") = "PlexRequests.Api.Models", "PlexRequests.Api.Models\PlexRequests.Api.Models.csproj", "{CB37A5F8-6DFC-4554-99D3-A42B502E4591}"
EndProject
Project("{FAE04EC0-301F-11D3-BF4B-00C04F79EFBC}") = "PlexRequests.Services.Tests", "PlexRequests.Services.Tests\PlexRequests.Services.Tests.csproj", "{EAADB4AC-064F-4D3A-AFF9-64A33131A9A7}"
EndProject
Project("{FAE04EC0-301F-11D3-BF4B-00C04F79EFBC}") = "PlexRequests.Updater", "PlexRequests.Updater\PlexRequests.Updater.csproj", "{EBE6FC1C-7B4B-47E9-AF54-0EE0604A2BE5}"
EndProject
Project("{FAE04EC0-301F-11D3-BF4B-00C04F79EFBC}") = "PlexRequests.Helpers.Tests", "PlexRequests.Helpers.Tests\PlexRequests.Helpers.Tests.csproj", "{0E6395D3-B074-49E8-898D-0EB99E507E0E}"
EndProject
Project("{FAE04EC0-301F-11D3-BF4B-00C04F79EFBC}") = "PlexRequests.Resources", "PlexRequests.Resources\PlexRequests.Resources.csproj", "{9C266462-BE82-461A-87A2-9EDCFB95D732}"
EndProject
Global
	GlobalSection(SolutionConfigurationPlatforms) = preSolution
		Debug|Any CPU = Debug|Any CPU
		Release|Any CPU = Release|Any CPU
	EndGlobalSection
	GlobalSection(ProjectConfigurationPlatforms) = postSolution
		{68F5F5F3-B8BB-4911-875F-6F00AAE04EA6}.Debug|Any CPU.ActiveCfg = Debug|Any CPU
		{68F5F5F3-B8BB-4911-875F-6F00AAE04EA6}.Debug|Any CPU.Build.0 = Debug|Any CPU
		{68F5F5F3-B8BB-4911-875F-6F00AAE04EA6}.Release|Any CPU.ActiveCfg = Release|Any CPU
		{68F5F5F3-B8BB-4911-875F-6F00AAE04EA6}.Release|Any CPU.Build.0 = Release|Any CPU
		{8CB8D235-2674-442D-9C6A-35FCAEEB160D}.Debug|Any CPU.ActiveCfg = Debug|Any CPU
		{8CB8D235-2674-442D-9C6A-35FCAEEB160D}.Debug|Any CPU.Build.0 = Debug|Any CPU
		{8CB8D235-2674-442D-9C6A-35FCAEEB160D}.Release|Any CPU.ActiveCfg = Release|Any CPU
		{8CB8D235-2674-442D-9C6A-35FCAEEB160D}.Release|Any CPU.Build.0 = Release|Any CPU
		{95834072-A675-415D-AA8F-877C91623810}.Debug|Any CPU.ActiveCfg = Debug|Any CPU
		{95834072-A675-415D-AA8F-877C91623810}.Debug|Any CPU.Build.0 = Debug|Any CPU
		{95834072-A675-415D-AA8F-877C91623810}.Release|Any CPU.ActiveCfg = Release|Any CPU
		{95834072-A675-415D-AA8F-877C91623810}.Release|Any CPU.Build.0 = Release|Any CPU
		{DD7DC444-D3BF-4027-8AB9-EFC71F5EC581}.Debug|Any CPU.ActiveCfg = Debug|Any CPU
		{DD7DC444-D3BF-4027-8AB9-EFC71F5EC581}.Debug|Any CPU.Build.0 = Debug|Any CPU
		{DD7DC444-D3BF-4027-8AB9-EFC71F5EC581}.Release|Any CPU.ActiveCfg = Release|Any CPU
		{DD7DC444-D3BF-4027-8AB9-EFC71F5EC581}.Release|Any CPU.Build.0 = Release|Any CPU
		{92433867-2B7B-477B-A566-96C382427525}.Debug|Any CPU.ActiveCfg = Debug|Any CPU
		{92433867-2B7B-477B-A566-96C382427525}.Debug|Any CPU.Build.0 = Debug|Any CPU
		{92433867-2B7B-477B-A566-96C382427525}.Release|Any CPU.ActiveCfg = Release|Any CPU
		{92433867-2B7B-477B-A566-96C382427525}.Release|Any CPU.Build.0 = Release|Any CPU
		{1252336D-42A3-482A-804C-836E60173DFA}.Debug|Any CPU.ActiveCfg = Debug|Any CPU
		{1252336D-42A3-482A-804C-836E60173DFA}.Debug|Any CPU.Build.0 = Debug|Any CPU
		{1252336D-42A3-482A-804C-836E60173DFA}.Release|Any CPU.ActiveCfg = Release|Any CPU
		{1252336D-42A3-482A-804C-836E60173DFA}.Release|Any CPU.Build.0 = Release|Any CPU
		{A930E2CF-79E2-45F9-B06A-9A719A254CE4}.Debug|Any CPU.ActiveCfg = Debug|Any CPU
		{A930E2CF-79E2-45F9-B06A-9A719A254CE4}.Debug|Any CPU.Build.0 = Debug|Any CPU
		{A930E2CF-79E2-45F9-B06A-9A719A254CE4}.Release|Any CPU.ActiveCfg = Release|Any CPU
		{A930E2CF-79E2-45F9-B06A-9A719A254CE4}.Release|Any CPU.Build.0 = Release|Any CPU
		{FCFECD5D-47F6-454D-8692-E27A921BE655}.Debug|Any CPU.ActiveCfg = Debug|Any CPU
		{FCFECD5D-47F6-454D-8692-E27A921BE655}.Debug|Any CPU.Build.0 = Debug|Any CPU
		{FCFECD5D-47F6-454D-8692-E27A921BE655}.Release|Any CPU.ActiveCfg = Release|Any CPU
		{FCFECD5D-47F6-454D-8692-E27A921BE655}.Release|Any CPU.Build.0 = Release|Any CPU
		{566EFA49-68F8-4716-9693-A6B3F2624DEA}.Debug|Any CPU.ActiveCfg = Debug|Any CPU
		{566EFA49-68F8-4716-9693-A6B3F2624DEA}.Debug|Any CPU.Build.0 = Debug|Any CPU
		{566EFA49-68F8-4716-9693-A6B3F2624DEA}.Release|Any CPU.ActiveCfg = Release|Any CPU
		{566EFA49-68F8-4716-9693-A6B3F2624DEA}.Release|Any CPU.Build.0 = Release|Any CPU
		{CB37A5F8-6DFC-4554-99D3-A42B502E4591}.Debug|Any CPU.ActiveCfg = Debug|Any CPU
		{CB37A5F8-6DFC-4554-99D3-A42B502E4591}.Debug|Any CPU.Build.0 = Debug|Any CPU
		{CB37A5F8-6DFC-4554-99D3-A42B502E4591}.Release|Any CPU.ActiveCfg = Release|Any CPU
		{CB37A5F8-6DFC-4554-99D3-A42B502E4591}.Release|Any CPU.Build.0 = Release|Any CPU
		{EAADB4AC-064F-4D3A-AFF9-64A33131A9A7}.Debug|Any CPU.ActiveCfg = Debug|Any CPU
		{EAADB4AC-064F-4D3A-AFF9-64A33131A9A7}.Debug|Any CPU.Build.0 = Debug|Any CPU
		{EAADB4AC-064F-4D3A-AFF9-64A33131A9A7}.Release|Any CPU.ActiveCfg = Release|Any CPU
		{EAADB4AC-064F-4D3A-AFF9-64A33131A9A7}.Release|Any CPU.Build.0 = Release|Any CPU
		{EBE6FC1C-7B4B-47E9-AF54-0EE0604A2BE5}.Debug|Any CPU.ActiveCfg = Debug|Any CPU
		{EBE6FC1C-7B4B-47E9-AF54-0EE0604A2BE5}.Debug|Any CPU.Build.0 = Debug|Any CPU
		{EBE6FC1C-7B4B-47E9-AF54-0EE0604A2BE5}.Release|Any CPU.ActiveCfg = Release|Any CPU
		{EBE6FC1C-7B4B-47E9-AF54-0EE0604A2BE5}.Release|Any CPU.Build.0 = Release|Any CPU
		{0E6395D3-B074-49E8-898D-0EB99E507E0E}.Debug|Any CPU.ActiveCfg = Debug|Any CPU
		{0E6395D3-B074-49E8-898D-0EB99E507E0E}.Debug|Any CPU.Build.0 = Debug|Any CPU
		{0E6395D3-B074-49E8-898D-0EB99E507E0E}.Release|Any CPU.ActiveCfg = Release|Any CPU
		{0E6395D3-B074-49E8-898D-0EB99E507E0E}.Release|Any CPU.Build.0 = Release|Any CPU
		{9C266462-BE82-461A-87A2-9EDCFB95D732}.Debug|Any CPU.ActiveCfg = Debug|Any CPU
		{9C266462-BE82-461A-87A2-9EDCFB95D732}.Debug|Any CPU.Build.0 = Debug|Any CPU
		{9C266462-BE82-461A-87A2-9EDCFB95D732}.Release|Any CPU.ActiveCfg = Release|Any CPU
		{9C266462-BE82-461A-87A2-9EDCFB95D732}.Release|Any CPU.Build.0 = Release|Any CPU
	EndGlobalSection
	GlobalSection(SolutionProperties) = preSolution
		HideSolutionNode = FALSE
	EndGlobalSection
EndGlobal
