
Microsoft Visual Studio Solution File, Format Version 12.00
# Visual Studio Version 16
VisualStudioVersion = 16.0.28729.10
MinimumVisualStudioVersion = 10.0.40219.1
Project("{9A19103F-16F7-4668-BE54-9A1E7A4F7556}") = "Ombi", "Ombi\Ombi.csproj", "{C987AA67-AFE1-468F-ACD3-EAD5A48E1F6A}"
EndProject
Project("{2150E333-8FDC-42A3-9474-1A3956D46DE8}") = "Solution Items", "Solution Items", "{9D30CCF8-A115-4EB7-A34D-07780D752789}"
	ProjectSection(SolutionItems) = preProject
		..\.azuredevops\pipelines\templates\build-steps.yml = ..\.azuredevops\pipelines\templates\build-steps.yml
		..\build.cake = ..\build.cake
		..\CHANGELOG.md = ..\CHANGELOG.md
		..\.azuredevops\pipelines\publish-job.yml = ..\.azuredevops\pipelines\publish-job.yml
	EndProjectSection
EndProject
Project("{9A19103F-16F7-4668-BE54-9A1E7A4F7556}") = "Ombi.Core", "Ombi.Core\Ombi.Core.csproj", "{F56E79C7-791D-4668-A0EC-29E3BBC8D24B}"
EndProject
Project("{2150E333-8FDC-42A3-9474-1A3956D46DE8}") = "Api", "Api", "{9293CA11-360A-4C20-A674-B9E794431BF5}"
EndProject
Project("{9A19103F-16F7-4668-BE54-9A1E7A4F7556}") = "Ombi.Api.TheMovieDb", "Ombi.TheMovieDbApi\Ombi.Api.TheMovieDb.csproj", "{132DA282-5894-4570-8916-D8C18ED2CE84}"
EndProject
Project("{9A19103F-16F7-4668-BE54-9A1E7A4F7556}") = "Ombi.Api", "Ombi.Api\Ombi.Api.csproj", "{EA31F915-31F9-4318-B521-1500CDF40DDF}"
EndProject
Project("{9A19103F-16F7-4668-BE54-9A1E7A4F7556}") = "Ombi.Helpers", "Ombi.Helpers\Ombi.Helpers.csproj", "{C182B435-1FAB-49C5-9BF9-F7F5C6EF3C94}"
EndProject
Project("{9A19103F-16F7-4668-BE54-9A1E7A4F7556}") = "Ombi.Store", "Ombi.Store\Ombi.Store.csproj", "{68086581-1EFD-4390-8100-47F87D1CB628}"
EndProject
Project("{9A19103F-16F7-4668-BE54-9A1E7A4F7556}") = "Ombi.DependencyInjection", "Ombi.DependencyInjection\Ombi.DependencyInjection.csproj", "{B39E4558-C557-48E7-AA74-19C5CD809617}"
EndProject
Project("{9A19103F-16F7-4668-BE54-9A1E7A4F7556}") = "Ombi.Mapping", "Ombi.Mapping\Ombi.Mapping.csproj", "{63E63511-1C7F-4162-8F92-8F7391B3C8A3}"
EndProject
Project("{2150E333-8FDC-42A3-9474-1A3956D46DE8}") = "Mappers", "Mappers", "{025FB189-2FFB-4F43-A64B-6F1B5A0D2065}"
EndProject
Project("{2150E333-8FDC-42A3-9474-1A3956D46DE8}") = "DI", "DI", "{410F36CF-9C60-428A-B191-6FD90610991A}"
EndProject
Project("{9A19103F-16F7-4668-BE54-9A1E7A4F7556}") = "Ombi.Api.Plex", "Ombi.Api.Plex\Ombi.Api.Plex.csproj", "{2E1A7B91-F29B-42BC-8F1E-1CF2DCC389BA}"
EndProject
Project("{9A19103F-16F7-4668-BE54-9A1E7A4F7556}") = "Ombi.Schedule", "Ombi.Schedule\Ombi.Schedule.csproj", "{5B42ADD4-757A-47C1-9CC5-320829C5E665}"
EndProject
Project("{9A19103F-16F7-4668-BE54-9A1E7A4F7556}") = "Ombi.Api.Emby", "Ombi.Api.Emby\Ombi.Api.Emby.csproj", "{08FF107D-31E1-470D-AF86-E09B015CEE06}"
EndProject
Project("{9A19103F-16F7-4668-BE54-9A1E7A4F7556}") = "Ombi.Api.Jellyfin", "Ombi.Api.Jellyfin\Ombi.Api.Jellyfin.csproj", "{F03757C7-5145-45C9-AFFF-B4E946755779}"
EndProject
Project("{9A19103F-16F7-4668-BE54-9A1E7A4F7556}") = "Ombi.Api.Sonarr", "Ombi.Api.Sonarr\Ombi.Api.Sonarr.csproj", "{CFB5E008-D0D0-43C0-AA06-89E49D17F384}"
EndProject
Project("{2150E333-8FDC-42A3-9474-1A3956D46DE8}") = "Tests", "Tests", "{6F42AB98-9196-44C4-B888-D5E409F415A1}"
EndProject
Project("{9A19103F-16F7-4668-BE54-9A1E7A4F7556}") = "Ombi.Api.TvMaze", "Ombi.Api.TvMaze\Ombi.Api.TvMaze.csproj", "{0E8EF835-E4F0-4EE5-A2B6-678DEE973721}"
EndProject
Project("{9A19103F-16F7-4668-BE54-9A1E7A4F7556}") = "Ombi.Notifications", "Ombi.Notifications\Ombi.Notifications.csproj", "{E6EE2830-E4AC-4F2E-AD93-2C9305605761}"
EndProject
Project("{2150E333-8FDC-42A3-9474-1A3956D46DE8}") = "Notifications", "Notifications", "{EA30DD15-6280-4687-B370-2956EC2E54E5}"
EndProject
Project("{9A19103F-16F7-4668-BE54-9A1E7A4F7556}") = "Ombi.Notifications.Templates", "Ombi.Notifications.Templates\Ombi.Notifications.Templates.csproj", "{6EE01B17-0966-4E11-8BC1-A5318A92AB1D}"
EndProject
Project("{9A19103F-16F7-4668-BE54-9A1E7A4F7556}") = "Ombi.Settings", "Ombi.Settings\Ombi.Settings.csproj", "{AE3AA23D-5B66-42AF-B44E-B9B4D8856C6F}"
EndProject
Project("{9A19103F-16F7-4668-BE54-9A1E7A4F7556}") = "Ombi.Api.Trakt", "Ombi.Api.Trakt\Ombi.Api.Trakt.csproj", "{3880375C-1A7E-4D75-96EC-63B954C42FEA}"
EndProject
Project("{9A19103F-16F7-4668-BE54-9A1E7A4F7556}") = "Ombi.Core.Tests", "Ombi.Core.Tests\Ombi.Core.Tests.csproj", "{FC6A8F7C-9722-4AE4-960D-277ACB0E81CB}"
EndProject
Project("{9A19103F-16F7-4668-BE54-9A1E7A4F7556}") = "Ombi.Api.Radarr", "Ombi.Api.Radarr\Ombi.Api.Radarr.csproj", "{94D04C1F-E35A-499C-B0A0-9FADEBDF8336}"
EndProject
Project("{9A19103F-16F7-4668-BE54-9A1E7A4F7556}") = "Ombi.Api.Discord", "Ombi.Api.Discord\Ombi.Api.Discord.csproj", "{5AF2B6D2-5CC6-49FE-928A-BA27AF52B194}"
EndProject
Project("{9A19103F-16F7-4668-BE54-9A1E7A4F7556}") = "Ombi.Updater", "Ombi.Updater\Ombi.Updater.csproj", "{6294A82D-4915-4FC3-B301-8F985716F34C}"
EndProject
Project("{2150E333-8FDC-42A3-9474-1A3956D46DE8}") = "Update", "Update", "{D11FE57E-1E57-491D-A1D4-01AEF4BE5CB6}"
EndProject
Project("{9A19103F-16F7-4668-BE54-9A1E7A4F7556}") = "Ombi.Notifications.Tests", "Ombi.Notifications.Tests\Ombi.Notifications.Tests.csproj", "{2C7836E7-B120-40A6-B641-DDAA02FBAE23}"
EndProject
Project("{9A19103F-16F7-4668-BE54-9A1E7A4F7556}") = "Ombi.Api.Service", "Ombi.Api.Service\Ombi.Api.Service.csproj", "{A0892896-F5BD-47E2-823E-DFCE82514EEC}"
EndProject
Project("{9A19103F-16F7-4668-BE54-9A1E7A4F7556}") = "Ombi.Api.FanartTv", "Ombi.Api.FanartTv\Ombi.Api.FanartTv.csproj", "{FD947E63-A0D2-4878-8378-2005D5E9AB8A}"
EndProject
Project("{9A19103F-16F7-4668-BE54-9A1E7A4F7556}") = "Ombi.Api.Pushbullet", "Ombi.Api.Pushbullet\Ombi.Api.Pushbullet.csproj", "{E237CDF6-D044-437D-B157-E9A3CC0BCF53}"
EndProject
Project("{9A19103F-16F7-4668-BE54-9A1E7A4F7556}") = "Ombi.Api.Slack", "Ombi.Api.Slack\Ombi.Api.Slack.csproj", "{71708256-9152-4E81-9FCA-E3181A185806}"
EndProject
Project("{9A19103F-16F7-4668-BE54-9A1E7A4F7556}") = "Ombi.Api.Mattermost", "Ombi.Api.Mattermost\Ombi.Api.Mattermost.csproj", "{737B2620-FE5A-4135-A017-79C269A7D36C}"
EndProject
Project("{9A19103F-16F7-4668-BE54-9A1E7A4F7556}") = "Ombi.Api.Pushover", "Ombi.Api.Pushover\Ombi.Api.Pushover.csproj", "{CA55DD4F-4EFF-4906-A848-35FCC7BD5654}"
EndProject
Project("{9A19103F-16F7-4668-BE54-9A1E7A4F7556}") = "Ombi.Schedule.Tests", "Ombi.Schedule.Tests\Ombi.Schedule.Tests.csproj", "{BDD8B924-016E-4CDA-9FFA-50B0A34BCD3C}"
EndProject
Project("{9A19103F-16F7-4668-BE54-9A1E7A4F7556}") = "Ombi.Api.CouchPotato", "Ombi.Api.CouchPotato\Ombi.Api.CouchPotato.csproj", "{87D7897D-7C73-4856-A0AA-FF5948F4EA86}"
EndProject
Project("{9A19103F-16F7-4668-BE54-9A1E7A4F7556}") = "Ombi.Api.DogNzb", "Ombi.Api.DogNzb\Ombi.Api.DogNzb.csproj", "{4F3BF03A-6AAC-4960-A2CD-1EAD7273115E}"
EndProject
Project("{9A19103F-16F7-4668-BE54-9A1E7A4F7556}") = "Ombi.Tests", "Ombi.Tests\Ombi.Tests.csproj", "{C12F5276-352A-43CF-8E33-400E768E9757}"
EndProject
Project("{9A19103F-16F7-4668-BE54-9A1E7A4F7556}") = "Ombi.Api.Telegram", "Ombi.Api.Telegram\Ombi.Api.Telegram.csproj", "{CB9DD209-8E09-4E01-983E-C77C89592D36}"
EndProject
Project("{9A19103F-16F7-4668-BE54-9A1E7A4F7556}") = "Ombi.Api.Github", "Ombi.Api.Github\Ombi.Api.Github.csproj", "{55866DEE-46D1-4AF7-B1A2-62F6190C8EC7}"
EndProject
Project("{9A19103F-16F7-4668-BE54-9A1E7A4F7556}") = "Ombi.Api.SickRage", "Ombi.Api.SickRage\Ombi.Api.SickRage.csproj", "{94C9A366-2595-45EA-AABB-8E4A2E90EC5B}"
EndProject
Project("{9A19103F-16F7-4668-BE54-9A1E7A4F7556}") = "Ombi.Api.Notifications", "Ombi.Api.Notifications\Ombi.Api.Notifications.csproj", "{10D1FE9D-9124-42B7-B1E1-CEB99B832618}"
EndProject
Project("{9A19103F-16F7-4668-BE54-9A1E7A4F7556}") = "Ombi.Api.Lidarr", "Ombi.Api.Lidarr\Ombi.Api.Lidarr.csproj", "{4FA21A20-92F4-462C-B929-2C517A88CC56}"
EndProject
Project("{9A19103F-16F7-4668-BE54-9A1E7A4F7556}") = "Ombi.Helpers.Tests", "Ombi.Helpers.Tests\Ombi.Helpers.Tests.csproj", "{CC8CEFCD-0CB6-45BB-845F-508BCAB5BDC3}"
EndProject
Project("{9A19103F-16F7-4668-BE54-9A1E7A4F7556}") = "Ombi.Api.Gotify", "Ombi.Api.Gotify\Ombi.Api.Gotify.csproj", "{105EA346-766E-45B8-928B-DE6991DCB7EB}"
EndProject
Project("{9A19103F-16F7-4668-BE54-9A1E7A4F7556}") = "Ombi.Settings.Tests", "Ombi.Settings.Tests\Ombi.Settings.Tests.csproj", "{F3969B69-3B07-4884-A7AB-0BAB8B84DF94}"
EndProject
Project("{9A19103F-16F7-4668-BE54-9A1E7A4F7556}") = "Ombi.Test.Common", "Ombi.Test.Common\Ombi.Test.Common.csproj", "{27111E7C-748E-4996-BD71-2117027C6460}"
EndProject
Project("{9A19103F-16F7-4668-BE54-9A1E7A4F7556}") = "Ombi.Hubs", "Ombi.Hubs\Ombi.Hubs.csproj", "{67416CC5-13B2-44BB-98CE-39DA93D6F70E}"
EndProject
Project("{9A19103F-16F7-4668-BE54-9A1E7A4F7556}") = "Ombi.Api.GroupMe", "Ombi.Api.GroupMe\Ombi.Api.GroupMe.csproj", "{9266403C-B04D-4C0F-AC39-82F12C781949}"
EndProject
Project("{9A19103F-16F7-4668-BE54-9A1E7A4F7556}") = "Ombi.Api.MusicBrainz", "Ombi.Api.MusicBrainz\Ombi.Api.MusicBrainz.csproj", "{C5C1769B-4197-4410-A160-0EEF39EDDC98}"
EndProject
Project("{9A19103F-16F7-4668-BE54-9A1E7A4F7556}") = "Ombi.Api.Twilio", "Ombi.Api.Twilio\Ombi.Api.Twilio.csproj", "{34E5DD1A-6A90-448B-9E71-64D1ACD6C1A3}"
EndProject
Project("{9A19103F-16F7-4668-BE54-9A1E7A4F7556}") = "Ombi.HealthChecks", "Ombi.HealthChecks\Ombi.HealthChecks.csproj", "{59D19538-0496-44EE-936E-EBBC22CF7B27}"
EndProject
Project("{9A19103F-16F7-4668-BE54-9A1E7A4F7556}") = "Ombi.Api.Webhook", "Ombi.Api.Webhook\Ombi.Api.Webhook.csproj", "{E2186FDA-D827-4781-8663-130AC382F12C}"
EndProject
Project("{9A19103F-16F7-4668-BE54-9A1E7A4F7556}") = "Ombi.Api.CloudService", "Ombi.Api.CloudService\Ombi.Api.CloudService.csproj", "{5DE40A66-B369-469E-8626-ECE23D9D8034}"
EndProject
Project("{FAE04EC0-301F-11D3-BF4B-00C04F79EFBC}") = "Ombi.Api.RottenTomatoes", "Ombi.Api.RottenTomatoes\Ombi.Api.RottenTomatoes.csproj", "{8F19C701-7881-4BC7-8BBA-B068A6B954AD}"
EndProject
Global
	GlobalSection(SolutionConfigurationPlatforms) = preSolution
		Debug|Any CPU = Debug|Any CPU
		Release|Any CPU = Release|Any CPU
	EndGlobalSection
	GlobalSection(ProjectConfigurationPlatforms) = postSolution
		{C987AA67-AFE1-468F-ACD3-EAD5A48E1F6A}.Debug|Any CPU.ActiveCfg = Debug|Any CPU
		{C987AA67-AFE1-468F-ACD3-EAD5A48E1F6A}.Debug|Any CPU.Build.0 = Debug|Any CPU
		{C987AA67-AFE1-468F-ACD3-EAD5A48E1F6A}.Release|Any CPU.ActiveCfg = Release|Any CPU
		{C987AA67-AFE1-468F-ACD3-EAD5A48E1F6A}.Release|Any CPU.Build.0 = Release|Any CPU
		{F56E79C7-791D-4668-A0EC-29E3BBC8D24B}.Debug|Any CPU.ActiveCfg = Debug|Any CPU
		{F56E79C7-791D-4668-A0EC-29E3BBC8D24B}.Debug|Any CPU.Build.0 = Debug|Any CPU
		{F56E79C7-791D-4668-A0EC-29E3BBC8D24B}.Release|Any CPU.ActiveCfg = Release|Any CPU
		{F56E79C7-791D-4668-A0EC-29E3BBC8D24B}.Release|Any CPU.Build.0 = Release|Any CPU
		{132DA282-5894-4570-8916-D8C18ED2CE84}.Debug|Any CPU.ActiveCfg = Debug|Any CPU
		{132DA282-5894-4570-8916-D8C18ED2CE84}.Debug|Any CPU.Build.0 = Debug|Any CPU
		{132DA282-5894-4570-8916-D8C18ED2CE84}.Release|Any CPU.ActiveCfg = Release|Any CPU
		{132DA282-5894-4570-8916-D8C18ED2CE84}.Release|Any CPU.Build.0 = Release|Any CPU
		{EA31F915-31F9-4318-B521-1500CDF40DDF}.Debug|Any CPU.ActiveCfg = Debug|Any CPU
		{EA31F915-31F9-4318-B521-1500CDF40DDF}.Debug|Any CPU.Build.0 = Debug|Any CPU
		{EA31F915-31F9-4318-B521-1500CDF40DDF}.Release|Any CPU.ActiveCfg = Release|Any CPU
		{EA31F915-31F9-4318-B521-1500CDF40DDF}.Release|Any CPU.Build.0 = Release|Any CPU
		{C182B435-1FAB-49C5-9BF9-F7F5C6EF3C94}.Debug|Any CPU.ActiveCfg = Debug|Any CPU
		{C182B435-1FAB-49C5-9BF9-F7F5C6EF3C94}.Debug|Any CPU.Build.0 = Debug|Any CPU
		{C182B435-1FAB-49C5-9BF9-F7F5C6EF3C94}.Release|Any CPU.ActiveCfg = Release|Any CPU
		{C182B435-1FAB-49C5-9BF9-F7F5C6EF3C94}.Release|Any CPU.Build.0 = Release|Any CPU
		{68086581-1EFD-4390-8100-47F87D1CB628}.Debug|Any CPU.ActiveCfg = Debug|Any CPU
		{68086581-1EFD-4390-8100-47F87D1CB628}.Debug|Any CPU.Build.0 = Debug|Any CPU
		{68086581-1EFD-4390-8100-47F87D1CB628}.Release|Any CPU.ActiveCfg = Release|Any CPU
		{68086581-1EFD-4390-8100-47F87D1CB628}.Release|Any CPU.Build.0 = Release|Any CPU
		{B39E4558-C557-48E7-AA74-19C5CD809617}.Debug|Any CPU.ActiveCfg = Debug|Any CPU
		{B39E4558-C557-48E7-AA74-19C5CD809617}.Debug|Any CPU.Build.0 = Debug|Any CPU
		{B39E4558-C557-48E7-AA74-19C5CD809617}.Release|Any CPU.ActiveCfg = Release|Any CPU
		{B39E4558-C557-48E7-AA74-19C5CD809617}.Release|Any CPU.Build.0 = Release|Any CPU
		{63E63511-1C7F-4162-8F92-8F7391B3C8A3}.Debug|Any CPU.ActiveCfg = Debug|Any CPU
		{63E63511-1C7F-4162-8F92-8F7391B3C8A3}.Debug|Any CPU.Build.0 = Debug|Any CPU
		{63E63511-1C7F-4162-8F92-8F7391B3C8A3}.Release|Any CPU.ActiveCfg = Release|Any CPU
		{63E63511-1C7F-4162-8F92-8F7391B3C8A3}.Release|Any CPU.Build.0 = Release|Any CPU
		{2E1A7B91-F29B-42BC-8F1E-1CF2DCC389BA}.Debug|Any CPU.ActiveCfg = Debug|Any CPU
		{2E1A7B91-F29B-42BC-8F1E-1CF2DCC389BA}.Debug|Any CPU.Build.0 = Debug|Any CPU
		{2E1A7B91-F29B-42BC-8F1E-1CF2DCC389BA}.Release|Any CPU.ActiveCfg = Release|Any CPU
		{2E1A7B91-F29B-42BC-8F1E-1CF2DCC389BA}.Release|Any CPU.Build.0 = Release|Any CPU
		{5B42ADD4-757A-47C1-9CC5-320829C5E665}.Debug|Any CPU.ActiveCfg = Debug|Any CPU
		{5B42ADD4-757A-47C1-9CC5-320829C5E665}.Debug|Any CPU.Build.0 = Debug|Any CPU
		{5B42ADD4-757A-47C1-9CC5-320829C5E665}.Release|Any CPU.ActiveCfg = Release|Any CPU
		{5B42ADD4-757A-47C1-9CC5-320829C5E665}.Release|Any CPU.Build.0 = Release|Any CPU
		{08FF107D-31E1-470D-AF86-E09B015CEE06}.Debug|Any CPU.ActiveCfg = Debug|Any CPU
		{08FF107D-31E1-470D-AF86-E09B015CEE06}.Debug|Any CPU.Build.0 = Debug|Any CPU
		{08FF107D-31E1-470D-AF86-E09B015CEE06}.Release|Any CPU.ActiveCfg = Release|Any CPU
		{08FF107D-31E1-470D-AF86-E09B015CEE06}.Release|Any CPU.Build.0 = Release|Any CPU
		{F03757C7-5145-45C9-AFFF-B4E946755779}.Debug|Any CPU.ActiveCfg = Debug|Any CPU
		{F03757C7-5145-45C9-AFFF-B4E946755779}.Debug|Any CPU.Build.0 = Debug|Any CPU
		{F03757C7-5145-45C9-AFFF-B4E946755779}.Release|Any CPU.ActiveCfg = Release|Any CPU
		{F03757C7-5145-45C9-AFFF-B4E946755779}.Release|Any CPU.Build.0 = Release|Any CPU
		{CFB5E008-D0D0-43C0-AA06-89E49D17F384}.Debug|Any CPU.ActiveCfg = Debug|Any CPU
		{CFB5E008-D0D0-43C0-AA06-89E49D17F384}.Debug|Any CPU.Build.0 = Debug|Any CPU
		{CFB5E008-D0D0-43C0-AA06-89E49D17F384}.Release|Any CPU.ActiveCfg = Release|Any CPU
		{CFB5E008-D0D0-43C0-AA06-89E49D17F384}.Release|Any CPU.Build.0 = Release|Any CPU
		{0E8EF835-E4F0-4EE5-A2B6-678DEE973721}.Debug|Any CPU.ActiveCfg = Debug|Any CPU
		{0E8EF835-E4F0-4EE5-A2B6-678DEE973721}.Debug|Any CPU.Build.0 = Debug|Any CPU
		{0E8EF835-E4F0-4EE5-A2B6-678DEE973721}.Release|Any CPU.ActiveCfg = Release|Any CPU
		{0E8EF835-E4F0-4EE5-A2B6-678DEE973721}.Release|Any CPU.Build.0 = Release|Any CPU
		{E6EE2830-E4AC-4F2E-AD93-2C9305605761}.Debug|Any CPU.ActiveCfg = Debug|Any CPU
		{E6EE2830-E4AC-4F2E-AD93-2C9305605761}.Debug|Any CPU.Build.0 = Debug|Any CPU
		{E6EE2830-E4AC-4F2E-AD93-2C9305605761}.Release|Any CPU.ActiveCfg = Release|Any CPU
		{E6EE2830-E4AC-4F2E-AD93-2C9305605761}.Release|Any CPU.Build.0 = Release|Any CPU
		{6EE01B17-0966-4E11-8BC1-A5318A92AB1D}.Debug|Any CPU.ActiveCfg = Debug|Any CPU
		{6EE01B17-0966-4E11-8BC1-A5318A92AB1D}.Debug|Any CPU.Build.0 = Debug|Any CPU
		{6EE01B17-0966-4E11-8BC1-A5318A92AB1D}.Release|Any CPU.ActiveCfg = Release|Any CPU
		{6EE01B17-0966-4E11-8BC1-A5318A92AB1D}.Release|Any CPU.Build.0 = Release|Any CPU
		{AE3AA23D-5B66-42AF-B44E-B9B4D8856C6F}.Debug|Any CPU.ActiveCfg = Debug|Any CPU
		{AE3AA23D-5B66-42AF-B44E-B9B4D8856C6F}.Debug|Any CPU.Build.0 = Debug|Any CPU
		{AE3AA23D-5B66-42AF-B44E-B9B4D8856C6F}.Release|Any CPU.ActiveCfg = Release|Any CPU
		{AE3AA23D-5B66-42AF-B44E-B9B4D8856C6F}.Release|Any CPU.Build.0 = Release|Any CPU
		{3880375C-1A7E-4D75-96EC-63B954C42FEA}.Debug|Any CPU.ActiveCfg = Debug|Any CPU
		{3880375C-1A7E-4D75-96EC-63B954C42FEA}.Debug|Any CPU.Build.0 = Debug|Any CPU
		{3880375C-1A7E-4D75-96EC-63B954C42FEA}.Release|Any CPU.ActiveCfg = Release|Any CPU
		{3880375C-1A7E-4D75-96EC-63B954C42FEA}.Release|Any CPU.Build.0 = Release|Any CPU
		{FC6A8F7C-9722-4AE4-960D-277ACB0E81CB}.Debug|Any CPU.ActiveCfg = Debug|Any CPU
		{FC6A8F7C-9722-4AE4-960D-277ACB0E81CB}.Debug|Any CPU.Build.0 = Debug|Any CPU
		{FC6A8F7C-9722-4AE4-960D-277ACB0E81CB}.Release|Any CPU.ActiveCfg = Release|Any CPU
		{FC6A8F7C-9722-4AE4-960D-277ACB0E81CB}.Release|Any CPU.Build.0 = Release|Any CPU
		{94D04C1F-E35A-499C-B0A0-9FADEBDF8336}.Debug|Any CPU.ActiveCfg = Debug|Any CPU
		{94D04C1F-E35A-499C-B0A0-9FADEBDF8336}.Debug|Any CPU.Build.0 = Debug|Any CPU
		{94D04C1F-E35A-499C-B0A0-9FADEBDF8336}.Release|Any CPU.ActiveCfg = Release|Any CPU
		{94D04C1F-E35A-499C-B0A0-9FADEBDF8336}.Release|Any CPU.Build.0 = Release|Any CPU
		{5AF2B6D2-5CC6-49FE-928A-BA27AF52B194}.Debug|Any CPU.ActiveCfg = Debug|Any CPU
		{5AF2B6D2-5CC6-49FE-928A-BA27AF52B194}.Debug|Any CPU.Build.0 = Debug|Any CPU
		{5AF2B6D2-5CC6-49FE-928A-BA27AF52B194}.Release|Any CPU.ActiveCfg = Release|Any CPU
		{5AF2B6D2-5CC6-49FE-928A-BA27AF52B194}.Release|Any CPU.Build.0 = Release|Any CPU
		{6294A82D-4915-4FC3-B301-8F985716F34C}.Debug|Any CPU.ActiveCfg = Debug|Any CPU
		{6294A82D-4915-4FC3-B301-8F985716F34C}.Debug|Any CPU.Build.0 = Debug|Any CPU
		{6294A82D-4915-4FC3-B301-8F985716F34C}.Release|Any CPU.ActiveCfg = Release|Any CPU
		{6294A82D-4915-4FC3-B301-8F985716F34C}.Release|Any CPU.Build.0 = Release|Any CPU
		{2C7836E7-B120-40A6-B641-DDAA02FBAE23}.Debug|Any CPU.ActiveCfg = Debug|Any CPU
		{2C7836E7-B120-40A6-B641-DDAA02FBAE23}.Debug|Any CPU.Build.0 = Debug|Any CPU
		{2C7836E7-B120-40A6-B641-DDAA02FBAE23}.Release|Any CPU.ActiveCfg = Release|Any CPU
		{2C7836E7-B120-40A6-B641-DDAA02FBAE23}.Release|Any CPU.Build.0 = Release|Any CPU
		{A0892896-F5BD-47E2-823E-DFCE82514EEC}.Debug|Any CPU.ActiveCfg = Debug|Any CPU
		{A0892896-F5BD-47E2-823E-DFCE82514EEC}.Debug|Any CPU.Build.0 = Debug|Any CPU
		{A0892896-F5BD-47E2-823E-DFCE82514EEC}.Release|Any CPU.ActiveCfg = Release|Any CPU
		{A0892896-F5BD-47E2-823E-DFCE82514EEC}.Release|Any CPU.Build.0 = Release|Any CPU
		{FD947E63-A0D2-4878-8378-2005D5E9AB8A}.Debug|Any CPU.ActiveCfg = Debug|Any CPU
		{FD947E63-A0D2-4878-8378-2005D5E9AB8A}.Debug|Any CPU.Build.0 = Debug|Any CPU
		{FD947E63-A0D2-4878-8378-2005D5E9AB8A}.Release|Any CPU.ActiveCfg = Release|Any CPU
		{FD947E63-A0D2-4878-8378-2005D5E9AB8A}.Release|Any CPU.Build.0 = Release|Any CPU
		{E237CDF6-D044-437D-B157-E9A3CC0BCF53}.Debug|Any CPU.ActiveCfg = Debug|Any CPU
		{E237CDF6-D044-437D-B157-E9A3CC0BCF53}.Debug|Any CPU.Build.0 = Debug|Any CPU
		{E237CDF6-D044-437D-B157-E9A3CC0BCF53}.Release|Any CPU.ActiveCfg = Release|Any CPU
		{E237CDF6-D044-437D-B157-E9A3CC0BCF53}.Release|Any CPU.Build.0 = Release|Any CPU
		{71708256-9152-4E81-9FCA-E3181A185806}.Debug|Any CPU.ActiveCfg = Debug|Any CPU
		{71708256-9152-4E81-9FCA-E3181A185806}.Debug|Any CPU.Build.0 = Debug|Any CPU
		{71708256-9152-4E81-9FCA-E3181A185806}.Release|Any CPU.ActiveCfg = Release|Any CPU
		{71708256-9152-4E81-9FCA-E3181A185806}.Release|Any CPU.Build.0 = Release|Any CPU
		{737B2620-FE5A-4135-A017-79C269A7D36C}.Debug|Any CPU.ActiveCfg = Debug|Any CPU
		{737B2620-FE5A-4135-A017-79C269A7D36C}.Debug|Any CPU.Build.0 = Debug|Any CPU
		{737B2620-FE5A-4135-A017-79C269A7D36C}.Release|Any CPU.ActiveCfg = Release|Any CPU
		{737B2620-FE5A-4135-A017-79C269A7D36C}.Release|Any CPU.Build.0 = Release|Any CPU
		{CA55DD4F-4EFF-4906-A848-35FCC7BD5654}.Debug|Any CPU.ActiveCfg = Debug|Any CPU
		{CA55DD4F-4EFF-4906-A848-35FCC7BD5654}.Debug|Any CPU.Build.0 = Debug|Any CPU
		{CA55DD4F-4EFF-4906-A848-35FCC7BD5654}.Release|Any CPU.ActiveCfg = Release|Any CPU
		{CA55DD4F-4EFF-4906-A848-35FCC7BD5654}.Release|Any CPU.Build.0 = Release|Any CPU
		{BDD8B924-016E-4CDA-9FFA-50B0A34BCD3C}.Debug|Any CPU.ActiveCfg = Debug|Any CPU
		{BDD8B924-016E-4CDA-9FFA-50B0A34BCD3C}.Debug|Any CPU.Build.0 = Debug|Any CPU
		{BDD8B924-016E-4CDA-9FFA-50B0A34BCD3C}.Release|Any CPU.ActiveCfg = Release|Any CPU
		{BDD8B924-016E-4CDA-9FFA-50B0A34BCD3C}.Release|Any CPU.Build.0 = Release|Any CPU
		{87D7897D-7C73-4856-A0AA-FF5948F4EA86}.Debug|Any CPU.ActiveCfg = Debug|Any CPU
		{87D7897D-7C73-4856-A0AA-FF5948F4EA86}.Debug|Any CPU.Build.0 = Debug|Any CPU
		{87D7897D-7C73-4856-A0AA-FF5948F4EA86}.Release|Any CPU.ActiveCfg = Release|Any CPU
		{87D7897D-7C73-4856-A0AA-FF5948F4EA86}.Release|Any CPU.Build.0 = Release|Any CPU
		{4F3BF03A-6AAC-4960-A2CD-1EAD7273115E}.Debug|Any CPU.ActiveCfg = Debug|Any CPU
		{4F3BF03A-6AAC-4960-A2CD-1EAD7273115E}.Debug|Any CPU.Build.0 = Debug|Any CPU
		{4F3BF03A-6AAC-4960-A2CD-1EAD7273115E}.Release|Any CPU.ActiveCfg = Release|Any CPU
		{4F3BF03A-6AAC-4960-A2CD-1EAD7273115E}.Release|Any CPU.Build.0 = Release|Any CPU
		{C12F5276-352A-43CF-8E33-400E768E9757}.Debug|Any CPU.ActiveCfg = Debug|Any CPU
		{C12F5276-352A-43CF-8E33-400E768E9757}.Debug|Any CPU.Build.0 = Debug|Any CPU
		{C12F5276-352A-43CF-8E33-400E768E9757}.Release|Any CPU.ActiveCfg = Release|Any CPU
		{C12F5276-352A-43CF-8E33-400E768E9757}.Release|Any CPU.Build.0 = Release|Any CPU
		{CB9DD209-8E09-4E01-983E-C77C89592D36}.Debug|Any CPU.ActiveCfg = Debug|Any CPU
		{CB9DD209-8E09-4E01-983E-C77C89592D36}.Debug|Any CPU.Build.0 = Debug|Any CPU
		{CB9DD209-8E09-4E01-983E-C77C89592D36}.Release|Any CPU.ActiveCfg = Release|Any CPU
		{CB9DD209-8E09-4E01-983E-C77C89592D36}.Release|Any CPU.Build.0 = Release|Any CPU
		{55866DEE-46D1-4AF7-B1A2-62F6190C8EC7}.Debug|Any CPU.ActiveCfg = Debug|Any CPU
		{55866DEE-46D1-4AF7-B1A2-62F6190C8EC7}.Debug|Any CPU.Build.0 = Debug|Any CPU
		{55866DEE-46D1-4AF7-B1A2-62F6190C8EC7}.Release|Any CPU.ActiveCfg = Release|Any CPU
		{55866DEE-46D1-4AF7-B1A2-62F6190C8EC7}.Release|Any CPU.Build.0 = Release|Any CPU
		{94C9A366-2595-45EA-AABB-8E4A2E90EC5B}.Debug|Any CPU.ActiveCfg = Debug|Any CPU
		{94C9A366-2595-45EA-AABB-8E4A2E90EC5B}.Debug|Any CPU.Build.0 = Debug|Any CPU
		{94C9A366-2595-45EA-AABB-8E4A2E90EC5B}.Release|Any CPU.ActiveCfg = Release|Any CPU
		{94C9A366-2595-45EA-AABB-8E4A2E90EC5B}.Release|Any CPU.Build.0 = Release|Any CPU
		{10D1FE9D-9124-42B7-B1E1-CEB99B832618}.Debug|Any CPU.ActiveCfg = Debug|Any CPU
		{10D1FE9D-9124-42B7-B1E1-CEB99B832618}.Debug|Any CPU.Build.0 = Debug|Any CPU
		{10D1FE9D-9124-42B7-B1E1-CEB99B832618}.Release|Any CPU.ActiveCfg = Release|Any CPU
		{10D1FE9D-9124-42B7-B1E1-CEB99B832618}.Release|Any CPU.Build.0 = Release|Any CPU
		{4FA21A20-92F4-462C-B929-2C517A88CC56}.Debug|Any CPU.ActiveCfg = Debug|Any CPU
		{4FA21A20-92F4-462C-B929-2C517A88CC56}.Debug|Any CPU.Build.0 = Debug|Any CPU
		{4FA21A20-92F4-462C-B929-2C517A88CC56}.Release|Any CPU.ActiveCfg = Release|Any CPU
		{4FA21A20-92F4-462C-B929-2C517A88CC56}.Release|Any CPU.Build.0 = Release|Any CPU
		{CC8CEFCD-0CB6-45BB-845F-508BCAB5BDC3}.Debug|Any CPU.ActiveCfg = Debug|Any CPU
		{CC8CEFCD-0CB6-45BB-845F-508BCAB5BDC3}.Debug|Any CPU.Build.0 = Debug|Any CPU
		{CC8CEFCD-0CB6-45BB-845F-508BCAB5BDC3}.Release|Any CPU.ActiveCfg = Release|Any CPU
		{CC8CEFCD-0CB6-45BB-845F-508BCAB5BDC3}.Release|Any CPU.Build.0 = Release|Any CPU
		{105EA346-766E-45B8-928B-DE6991DCB7EB}.Debug|Any CPU.ActiveCfg = Debug|Any CPU
		{105EA346-766E-45B8-928B-DE6991DCB7EB}.Debug|Any CPU.Build.0 = Debug|Any CPU
		{105EA346-766E-45B8-928B-DE6991DCB7EB}.Release|Any CPU.ActiveCfg = Release|Any CPU
		{105EA346-766E-45B8-928B-DE6991DCB7EB}.Release|Any CPU.Build.0 = Release|Any CPU
		{F3969B69-3B07-4884-A7AB-0BAB8B84DF94}.Debug|Any CPU.ActiveCfg = Debug|Any CPU
		{F3969B69-3B07-4884-A7AB-0BAB8B84DF94}.Debug|Any CPU.Build.0 = Debug|Any CPU
		{F3969B69-3B07-4884-A7AB-0BAB8B84DF94}.Release|Any CPU.ActiveCfg = Release|Any CPU
		{F3969B69-3B07-4884-A7AB-0BAB8B84DF94}.Release|Any CPU.Build.0 = Release|Any CPU
		{27111E7C-748E-4996-BD71-2117027C6460}.Debug|Any CPU.ActiveCfg = Debug|Any CPU
		{27111E7C-748E-4996-BD71-2117027C6460}.Debug|Any CPU.Build.0 = Debug|Any CPU
		{27111E7C-748E-4996-BD71-2117027C6460}.Release|Any CPU.ActiveCfg = Release|Any CPU
		{27111E7C-748E-4996-BD71-2117027C6460}.Release|Any CPU.Build.0 = Release|Any CPU
		{67416CC5-13B2-44BB-98CE-39DA93D6F70E}.Debug|Any CPU.ActiveCfg = Debug|Any CPU
		{67416CC5-13B2-44BB-98CE-39DA93D6F70E}.Debug|Any CPU.Build.0 = Debug|Any CPU
		{67416CC5-13B2-44BB-98CE-39DA93D6F70E}.Release|Any CPU.ActiveCfg = Release|Any CPU
		{67416CC5-13B2-44BB-98CE-39DA93D6F70E}.Release|Any CPU.Build.0 = Release|Any CPU
		{9266403C-B04D-4C0F-AC39-82F12C781949}.Debug|Any CPU.ActiveCfg = Debug|Any CPU
		{9266403C-B04D-4C0F-AC39-82F12C781949}.Debug|Any CPU.Build.0 = Debug|Any CPU
		{9266403C-B04D-4C0F-AC39-82F12C781949}.Release|Any CPU.ActiveCfg = Release|Any CPU
		{9266403C-B04D-4C0F-AC39-82F12C781949}.Release|Any CPU.Build.0 = Release|Any CPU
		{C5C1769B-4197-4410-A160-0EEF39EDDC98}.Debug|Any CPU.ActiveCfg = Debug|Any CPU
		{C5C1769B-4197-4410-A160-0EEF39EDDC98}.Debug|Any CPU.Build.0 = Debug|Any CPU
		{C5C1769B-4197-4410-A160-0EEF39EDDC98}.Release|Any CPU.ActiveCfg = Release|Any CPU
		{C5C1769B-4197-4410-A160-0EEF39EDDC98}.Release|Any CPU.Build.0 = Release|Any CPU
		{34E5DD1A-6A90-448B-9E71-64D1ACD6C1A3}.Debug|Any CPU.ActiveCfg = Debug|Any CPU
		{34E5DD1A-6A90-448B-9E71-64D1ACD6C1A3}.Debug|Any CPU.Build.0 = Debug|Any CPU
		{34E5DD1A-6A90-448B-9E71-64D1ACD6C1A3}.Release|Any CPU.ActiveCfg = Release|Any CPU
		{34E5DD1A-6A90-448B-9E71-64D1ACD6C1A3}.Release|Any CPU.Build.0 = Release|Any CPU
		{59D19538-0496-44EE-936E-EBBC22CF7B27}.Debug|Any CPU.ActiveCfg = Debug|Any CPU
		{59D19538-0496-44EE-936E-EBBC22CF7B27}.Debug|Any CPU.Build.0 = Debug|Any CPU
		{59D19538-0496-44EE-936E-EBBC22CF7B27}.Release|Any CPU.ActiveCfg = Release|Any CPU
		{59D19538-0496-44EE-936E-EBBC22CF7B27}.Release|Any CPU.Build.0 = Release|Any CPU
		{E2186FDA-D827-4781-8663-130AC382F12C}.Debug|Any CPU.ActiveCfg = Debug|Any CPU
		{E2186FDA-D827-4781-8663-130AC382F12C}.Debug|Any CPU.Build.0 = Debug|Any CPU
		{E2186FDA-D827-4781-8663-130AC382F12C}.Release|Any CPU.ActiveCfg = Release|Any CPU
		{E2186FDA-D827-4781-8663-130AC382F12C}.Release|Any CPU.Build.0 = Release|Any CPU
		{5DE40A66-B369-469E-8626-ECE23D9D8034}.Debug|Any CPU.ActiveCfg = Debug|Any CPU
		{5DE40A66-B369-469E-8626-ECE23D9D8034}.Debug|Any CPU.Build.0 = Debug|Any CPU
		{5DE40A66-B369-469E-8626-ECE23D9D8034}.Release|Any CPU.ActiveCfg = Release|Any CPU
		{5DE40A66-B369-469E-8626-ECE23D9D8034}.Release|Any CPU.Build.0 = Release|Any CPU
		{8F19C701-7881-4BC7-8BBA-B068A6B954AD}.Debug|Any CPU.ActiveCfg = Debug|Any CPU
		{8F19C701-7881-4BC7-8BBA-B068A6B954AD}.Debug|Any CPU.Build.0 = Debug|Any CPU
		{8F19C701-7881-4BC7-8BBA-B068A6B954AD}.Release|Any CPU.ActiveCfg = Release|Any CPU
		{8F19C701-7881-4BC7-8BBA-B068A6B954AD}.Release|Any CPU.Build.0 = Release|Any CPU
	EndGlobalSection
	GlobalSection(SolutionProperties) = preSolution
		HideSolutionNode = FALSE
	EndGlobalSection
	GlobalSection(NestedProjects) = preSolution
		{132DA282-5894-4570-8916-D8C18ED2CE84} = {9293CA11-360A-4C20-A674-B9E794431BF5}
		{EA31F915-31F9-4318-B521-1500CDF40DDF} = {9293CA11-360A-4C20-A674-B9E794431BF5}
		{B39E4558-C557-48E7-AA74-19C5CD809617} = {410F36CF-9C60-428A-B191-6FD90610991A}
		{63E63511-1C7F-4162-8F92-8F7391B3C8A3} = {025FB189-2FFB-4F43-A64B-6F1B5A0D2065}
		{2E1A7B91-F29B-42BC-8F1E-1CF2DCC389BA} = {9293CA11-360A-4C20-A674-B9E794431BF5}
		{08FF107D-31E1-470D-AF86-E09B015CEE06} = {9293CA11-360A-4C20-A674-B9E794431BF5}
		{F03757C7-5145-45C9-AFFF-B4E946755779} = {9293CA11-360A-4C20-A674-B9E794431BF5}
		{CFB5E008-D0D0-43C0-AA06-89E49D17F384} = {9293CA11-360A-4C20-A674-B9E794431BF5}
		{0E8EF835-E4F0-4EE5-A2B6-678DEE973721} = {9293CA11-360A-4C20-A674-B9E794431BF5}
		{E6EE2830-E4AC-4F2E-AD93-2C9305605761} = {EA30DD15-6280-4687-B370-2956EC2E54E5}
		{6EE01B17-0966-4E11-8BC1-A5318A92AB1D} = {EA30DD15-6280-4687-B370-2956EC2E54E5}
		{3880375C-1A7E-4D75-96EC-63B954C42FEA} = {9293CA11-360A-4C20-A674-B9E794431BF5}
		{FC6A8F7C-9722-4AE4-960D-277ACB0E81CB} = {6F42AB98-9196-44C4-B888-D5E409F415A1}
		{94D04C1F-E35A-499C-B0A0-9FADEBDF8336} = {9293CA11-360A-4C20-A674-B9E794431BF5}
		{5AF2B6D2-5CC6-49FE-928A-BA27AF52B194} = {9293CA11-360A-4C20-A674-B9E794431BF5}
		{6294A82D-4915-4FC3-B301-8F985716F34C} = {D11FE57E-1E57-491D-A1D4-01AEF4BE5CB6}
		{2C7836E7-B120-40A6-B641-DDAA02FBAE23} = {6F42AB98-9196-44C4-B888-D5E409F415A1}
		{A0892896-F5BD-47E2-823E-DFCE82514EEC} = {9293CA11-360A-4C20-A674-B9E794431BF5}
		{FD947E63-A0D2-4878-8378-2005D5E9AB8A} = {9293CA11-360A-4C20-A674-B9E794431BF5}
		{E237CDF6-D044-437D-B157-E9A3CC0BCF53} = {9293CA11-360A-4C20-A674-B9E794431BF5}
		{71708256-9152-4E81-9FCA-E3181A185806} = {9293CA11-360A-4C20-A674-B9E794431BF5}
		{737B2620-FE5A-4135-A017-79C269A7D36C} = {9293CA11-360A-4C20-A674-B9E794431BF5}
		{CA55DD4F-4EFF-4906-A848-35FCC7BD5654} = {9293CA11-360A-4C20-A674-B9E794431BF5}
		{BDD8B924-016E-4CDA-9FFA-50B0A34BCD3C} = {6F42AB98-9196-44C4-B888-D5E409F415A1}
		{87D7897D-7C73-4856-A0AA-FF5948F4EA86} = {9293CA11-360A-4C20-A674-B9E794431BF5}
		{4F3BF03A-6AAC-4960-A2CD-1EAD7273115E} = {9293CA11-360A-4C20-A674-B9E794431BF5}
		{C12F5276-352A-43CF-8E33-400E768E9757} = {6F42AB98-9196-44C4-B888-D5E409F415A1}
		{CB9DD209-8E09-4E01-983E-C77C89592D36} = {9293CA11-360A-4C20-A674-B9E794431BF5}
		{55866DEE-46D1-4AF7-B1A2-62F6190C8EC7} = {9293CA11-360A-4C20-A674-B9E794431BF5}
		{94C9A366-2595-45EA-AABB-8E4A2E90EC5B} = {9293CA11-360A-4C20-A674-B9E794431BF5}
		{10D1FE9D-9124-42B7-B1E1-CEB99B832618} = {9293CA11-360A-4C20-A674-B9E794431BF5}
		{4FA21A20-92F4-462C-B929-2C517A88CC56} = {9293CA11-360A-4C20-A674-B9E794431BF5}
		{CC8CEFCD-0CB6-45BB-845F-508BCAB5BDC3} = {6F42AB98-9196-44C4-B888-D5E409F415A1}
		{105EA346-766E-45B8-928B-DE6991DCB7EB} = {9293CA11-360A-4C20-A674-B9E794431BF5}
		{F3969B69-3B07-4884-A7AB-0BAB8B84DF94} = {6F42AB98-9196-44C4-B888-D5E409F415A1}
		{27111E7C-748E-4996-BD71-2117027C6460} = {6F42AB98-9196-44C4-B888-D5E409F415A1}
		{9266403C-B04D-4C0F-AC39-82F12C781949} = {9293CA11-360A-4C20-A674-B9E794431BF5}
		{C5C1769B-4197-4410-A160-0EEF39EDDC98} = {9293CA11-360A-4C20-A674-B9E794431BF5}
		{34E5DD1A-6A90-448B-9E71-64D1ACD6C1A3} = {9293CA11-360A-4C20-A674-B9E794431BF5}
		{59D19538-0496-44EE-936E-EBBC22CF7B27} = {410F36CF-9C60-428A-B191-6FD90610991A}
		{E2186FDA-D827-4781-8663-130AC382F12C} = {9293CA11-360A-4C20-A674-B9E794431BF5}
		{5DE40A66-B369-469E-8626-ECE23D9D8034} = {9293CA11-360A-4C20-A674-B9E794431BF5}
		{8F19C701-7881-4BC7-8BBA-B068A6B954AD} = {9293CA11-360A-4C20-A674-B9E794431BF5}
	EndGlobalSection
	GlobalSection(ExtensibilityGlobals) = postSolution
		SolutionGuid = {192E9BF8-00B4-45E4-BCCC-4C215725C869}
	EndGlobalSection
EndGlobal
