
Microsoft Visual Studio Solution File, Format Version 12.00
# Visual Studio Version 17
VisualStudioVersion = 17.0.31717.71
MinimumVisualStudioVersion = 10.0.40219.1
Project("{9A19103F-16F7-4668-BE54-9A1E7A4F7556}") = "Ombi", "Ombi\Ombi.csproj", "{C987AA67-AFE1-468F-ACD3-EAD5A48E1F6A}"
EndProject
Project("{2150E333-8FDC-42A3-9474-1A3956D46DE8}") = "Solution Items", "Solution Items", "{9D30CCF8-A115-4EB7-A34D-07780D752789}"
	ProjectSection(SolutionItems) = preProject
		.editorconfig = .editorconfig
		..\.azuredevops\pipelines\templates\build-steps.yml = ..\.azuredevops\pipelines\templates\build-steps.yml
		..\build.cake = ..\build.cake
		..\CHANGELOG.md = ..\CHANGELOG.md
		..\.azuredevops\pipelines\publish-job.yml = ..\.azuredevops\pipelines\publish-job.yml
	EndProjectSection
EndProject
Project("{9A19103F-16F7-4668-BE54-9A1E7A4F7556}") = "Ombi.Core", "Ombi.Core\Ombi.Core.csproj", "{F56E79C7-791D-4668-A0EC-29E3BBC8D24B}"
EndProject
Project("{2150E333-8FDC-42A3-9474-1A3956D46DE8}") = "Api", "Api", "{9293CA11-360A-4C20-A674-B9E794431BF5}"
EndProject
EndProject
Project("{9A19103F-16F7-4668-BE54-9A1E7A4F7556}") = "Ombi.Api", "Ombi.Api\Ombi.Api.csproj", "{EA31F915-31F9-4318-B521-1500CDF40DDF}"
EndProject
Project("{9A19103F-16F7-4668-BE54-9A1E7A4F7556}") = "Ombi.Helpers", "Ombi.Helpers\Ombi.Helpers.csproj", "{C182B435-1FAB-49C5-9BF9-F7F5C6EF3C94}"
EndProject
Project("{9A19103F-16F7-4668-BE54-9A1E7A4F7556}") = "Ombi.Store", "Ombi.Store\Ombi.Store.csproj", "{68086581-1EFD-4390-8100-47F87D1CB628}"
EndProject
Project("{9A19103F-16F7-4668-BE54-9A1E7A4F7556}") = "Ombi.DependencyInjection", "Ombi.DependencyInjection\Ombi.DependencyInjection.csproj", "{B39E4558-C557-48E7-AA74-19C5CD809617}"
EndProject
Project("{9A19103F-16F7-4668-BE54-9A1E7A4F7556}") = "Ombi.Mapping", "Ombi.Mapping\Ombi.Mapping.csproj", "{63E63511-1C7F-4162-8F92-8F7391B3C8A3}"
EndProject
Project("{2150E333-8FDC-42A3-9474-1A3956D46DE8}") = "Mappers", "Mappers", "{025FB189-2FFB-4F43-A64B-6F1B5A0D2065}"
EndProject
Project("{2150E333-8FDC-42A3-9474-1A3956D46DE8}") = "DI", "DI", "{410F36CF-9C60-428A-B191-6FD90610991A}"
EndProject
EndProject
Project("{9A19103F-16F7-4668-BE54-9A1E7A4F7556}") = "Ombi.Schedule", "Ombi.Schedule\Ombi.Schedule.csproj", "{5B42ADD4-757A-47C1-9CC5-320829C5E665}"
EndProject
EndProject
EndProject
EndProject
Project("{2150E333-8FDC-42A3-9474-1A3956D46DE8}") = "Tests", "Tests", "{6F42AB98-9196-44C4-B888-D5E409F415A1}"
EndProject
EndProject
Project("{9A19103F-16F7-4668-BE54-9A1E7A4F7556}") = "Ombi.Notifications", "Ombi.Notifications\Ombi.Notifications.csproj", "{E6EE2830-E4AC-4F2E-AD93-2C9305605761}"
EndProject
Project("{2150E333-8FDC-42A3-9474-1A3956D46DE8}") = "Notifications", "Notifications", "{EA30DD15-6280-4687-B370-2956EC2E54E5}"
EndProject
Project("{9A19103F-16F7-4668-BE54-9A1E7A4F7556}") = "Ombi.Notifications.Templates", "Ombi.Notifications.Templates\Ombi.Notifications.Templates.csproj", "{6EE01B17-0966-4E11-8BC1-A5318A92AB1D}"
EndProject
Project("{9A19103F-16F7-4668-BE54-9A1E7A4F7556}") = "Ombi.Settings", "Ombi.Settings\Ombi.Settings.csproj", "{AE3AA23D-5B66-42AF-B44E-B9B4D8856C6F}"
EndProject
EndProject
Project("{9A19103F-16F7-4668-BE54-9A1E7A4F7556}") = "Ombi.Core.Tests", "Ombi.Core.Tests\Ombi.Core.Tests.csproj", "{FC6A8F7C-9722-4AE4-960D-277ACB0E81CB}"
EndProject
EndProject
EndProject
Project("{9A19103F-16F7-4668-BE54-9A1E7A4F7556}") = "Ombi.Notifications.Tests", "Ombi.Notifications.Tests\Ombi.Notifications.Tests.csproj", "{2C7836E7-B120-40A6-B641-DDAA02FBAE23}"
EndProject
EndProject
EndProject
EndProject
EndProject
EndProject
EndProject
Project("{9A19103F-16F7-4668-BE54-9A1E7A4F7556}") = "Ombi.Schedule.Tests", "Ombi.Schedule.Tests\Ombi.Schedule.Tests.csproj", "{BDD8B924-016E-4CDA-9FFA-50B0A34BCD3C}"
EndProject
EndProject
EndProject
Project("{9A19103F-16F7-4668-BE54-9A1E7A4F7556}") = "Ombi.Tests", "Ombi.Tests\Ombi.Tests.csproj", "{C12F5276-352A-43CF-8E33-400E768E9757}"
EndProject
EndProject
EndProject
EndProject
EndProject
EndProject
Project("{9A19103F-16F7-4668-BE54-9A1E7A4F7556}") = "Ombi.Helpers.Tests", "Ombi.Helpers.Tests\Ombi.Helpers.Tests.csproj", "{CC8CEFCD-0CB6-45BB-845F-508BCAB5BDC3}"
EndProject
EndProject
Project("{9A19103F-16F7-4668-BE54-9A1E7A4F7556}") = "Ombi.Settings.Tests", "Ombi.Settings.Tests\Ombi.Settings.Tests.csproj", "{F3969B69-3B07-4884-A7AB-0BAB8B84DF94}"
EndProject
Project("{9A19103F-16F7-4668-BE54-9A1E7A4F7556}") = "Ombi.Test.Common", "Ombi.Test.Common\Ombi.Test.Common.csproj", "{27111E7C-748E-4996-BD71-2117027C6460}"
EndProject
Project("{9A19103F-16F7-4668-BE54-9A1E7A4F7556}") = "Ombi.Hubs", "Ombi.Hubs\Ombi.Hubs.csproj", "{67416CC5-13B2-44BB-98CE-39DA93D6F70E}"
EndProject
EndProject
EndProject
EndProject
Project("{9A19103F-16F7-4668-BE54-9A1E7A4F7556}") = "Ombi.HealthChecks", "Ombi.HealthChecks\Ombi.HealthChecks.csproj", "{59D19538-0496-44EE-936E-EBBC22CF7B27}"
EndProject
EndProject
EndProject
Project("{9A19103F-16F7-4668-BE54-9A1E7A4F7556}") = "Ombi.Api.External", "Ombi.Api.External\Ombi.Api.External.csproj", "{A1B2C3D4-E5F6-7890-ABCD-EF1234567890}"
EndProject
EndProject
Project("{9A19103F-16F7-4668-BE54-9A1E7A4F7556}") = "Ombi.I18n", "Ombi.I18n\Ombi.I18n.csproj", "{6A922D57-8622-4C36-8E6E-D5BA9E8DA6C0}"
EndProject
EndProject
Global
	GlobalSection(SolutionConfigurationPlatforms) = preSolution
		Debug|Any CPU = Debug|Any CPU
		NonUiBuild|Any CPU = NonUiBuild|Any CPU
		Release|Any CPU = Release|Any CPU
	EndGlobalSection
	GlobalSection(ProjectConfigurationPlatforms) = postSolution
		{C987AA67-AFE1-468F-ACD3-EAD5A48E1F6A}.Debug|Any CPU.ActiveCfg = Debug|Any CPU
		{C987AA67-AFE1-468F-ACD3-EAD5A48E1F6A}.Debug|Any CPU.Build.0 = Debug|Any CPU
		{C987AA67-AFE1-468F-ACD3-EAD5A48E1F6A}.NonUiBuild|Any CPU.ActiveCfg = NonUiBuild|Any CPU
		{C987AA67-AFE1-468F-ACD3-EAD5A48E1F6A}.NonUiBuild|Any CPU.Build.0 = NonUiBuild|Any CPU
		{C987AA67-AFE1-468F-ACD3-EAD5A48E1F6A}.Release|Any CPU.ActiveCfg = Release|Any CPU
		{C987AA67-AFE1-468F-ACD3-EAD5A48E1F6A}.Release|Any CPU.Build.0 = Release|Any CPU
		{F56E79C7-791D-4668-A0EC-29E3BBC8D24B}.Debug|Any CPU.ActiveCfg = Debug|Any CPU
		{F56E79C7-791D-4668-A0EC-29E3BBC8D24B}.Debug|Any CPU.Build.0 = Debug|Any CPU
		{F56E79C7-791D-4668-A0EC-29E3BBC8D24B}.NonUiBuild|Any CPU.ActiveCfg = NonUiBuild|Any CPU
		{F56E79C7-791D-4668-A0EC-29E3BBC8D24B}.NonUiBuild|Any CPU.Build.0 = NonUiBuild|Any CPU
		{F56E79C7-791D-4668-A0EC-29E3BBC8D24B}.Release|Any CPU.ActiveCfg = Release|Any CPU
		{F56E79C7-791D-4668-A0EC-29E3BBC8D24B}.Release|Any CPU.Build.0 = Release|Any CPU
		{EA31F915-31F9-4318-B521-1500CDF40DDF}.Debug|Any CPU.ActiveCfg = Debug|Any CPU
		{EA31F915-31F9-4318-B521-1500CDF40DDF}.Debug|Any CPU.Build.0 = Debug|Any CPU
		{EA31F915-31F9-4318-B521-1500CDF40DDF}.NonUiBuild|Any CPU.ActiveCfg = NonUiBuild|Any CPU
		{EA31F915-31F9-4318-B521-1500CDF40DDF}.NonUiBuild|Any CPU.Build.0 = NonUiBuild|Any CPU
		{EA31F915-31F9-4318-B521-1500CDF40DDF}.Release|Any CPU.ActiveCfg = Release|Any CPU
		{EA31F915-31F9-4318-B521-1500CDF40DDF}.Release|Any CPU.Build.0 = Release|Any CPU
		{C182B435-1FAB-49C5-9BF9-F7F5C6EF3C94}.Debug|Any CPU.ActiveCfg = Debug|Any CPU
		{C182B435-1FAB-49C5-9BF9-F7F5C6EF3C94}.Debug|Any CPU.Build.0 = Debug|Any CPU
		{C182B435-1FAB-49C5-9BF9-F7F5C6EF3C94}.NonUiBuild|Any CPU.ActiveCfg = NonUiBuild|Any CPU
		{C182B435-1FAB-49C5-9BF9-F7F5C6EF3C94}.NonUiBuild|Any CPU.Build.0 = NonUiBuild|Any CPU
		{C182B435-1FAB-49C5-9BF9-F7F5C6EF3C94}.Release|Any CPU.ActiveCfg = Release|Any CPU
		{C182B435-1FAB-49C5-9BF9-F7F5C6EF3C94}.Release|Any CPU.Build.0 = Release|Any CPU
		{68086581-1EFD-4390-8100-47F87D1CB628}.Debug|Any CPU.ActiveCfg = Debug|Any CPU
		{68086581-1EFD-4390-8100-47F87D1CB628}.Debug|Any CPU.Build.0 = Debug|Any CPU
		{68086581-1EFD-4390-8100-47F87D1CB628}.NonUiBuild|Any CPU.ActiveCfg = NonUiBuild|Any CPU
		{68086581-1EFD-4390-8100-47F87D1CB628}.NonUiBuild|Any CPU.Build.0 = NonUiBuild|Any CPU
		{68086581-1EFD-4390-8100-47F87D1CB628}.Release|Any CPU.ActiveCfg = Release|Any CPU
		{68086581-1EFD-4390-8100-47F87D1CB628}.Release|Any CPU.Build.0 = Release|Any CPU
		{B39E4558-C557-48E7-AA74-19C5CD809617}.Debug|Any CPU.ActiveCfg = Debug|Any CPU
		{B39E4558-C557-48E7-AA74-19C5CD809617}.Debug|Any CPU.Build.0 = Debug|Any CPU
		{B39E4558-C557-48E7-AA74-19C5CD809617}.NonUiBuild|Any CPU.ActiveCfg = NonUiBuild|Any CPU
		{B39E4558-C557-48E7-AA74-19C5CD809617}.NonUiBuild|Any CPU.Build.0 = NonUiBuild|Any CPU
		{B39E4558-C557-48E7-AA74-19C5CD809617}.Release|Any CPU.ActiveCfg = Release|Any CPU
		{B39E4558-C557-48E7-AA74-19C5CD809617}.Release|Any CPU.Build.0 = Release|Any CPU
		{63E63511-1C7F-4162-8F92-8F7391B3C8A3}.Debug|Any CPU.ActiveCfg = Debug|Any CPU
		{63E63511-1C7F-4162-8F92-8F7391B3C8A3}.Debug|Any CPU.Build.0 = Debug|Any CPU
		{63E63511-1C7F-4162-8F92-8F7391B3C8A3}.NonUiBuild|Any CPU.ActiveCfg = NonUiBuild|Any CPU
		{63E63511-1C7F-4162-8F92-8F7391B3C8A3}.NonUiBuild|Any CPU.Build.0 = NonUiBuild|Any CPU
		{63E63511-1C7F-4162-8F92-8F7391B3C8A3}.Release|Any CPU.ActiveCfg = Release|Any CPU
		{63E63511-1C7F-4162-8F92-8F7391B3C8A3}.Release|Any CPU.Build.0 = Release|Any CPU
		{5B42ADD4-757A-47C1-9CC5-320829C5E665}.Debug|Any CPU.ActiveCfg = Debug|Any CPU
		{5B42ADD4-757A-47C1-9CC5-320829C5E665}.Debug|Any CPU.Build.0 = Debug|Any CPU
		{5B42ADD4-757A-47C1-9CC5-320829C5E665}.NonUiBuild|Any CPU.ActiveCfg = NonUiBuild|Any CPU
		{5B42ADD4-757A-47C1-9CC5-320829C5E665}.NonUiBuild|Any CPU.Build.0 = NonUiBuild|Any CPU
		{5B42ADD4-757A-47C1-9CC5-320829C5E665}.Release|Any CPU.ActiveCfg = Release|Any CPU
		{5B42ADD4-757A-47C1-9CC5-320829C5E665}.Release|Any CPU.Build.0 = Release|Any CPU
		{E6EE2830-E4AC-4F2E-AD93-2C9305605761}.Debug|Any CPU.ActiveCfg = Debug|Any CPU
		{E6EE2830-E4AC-4F2E-AD93-2C9305605761}.Debug|Any CPU.Build.0 = Debug|Any CPU
		{E6EE2830-E4AC-4F2E-AD93-2C9305605761}.NonUiBuild|Any CPU.ActiveCfg = NonUiBuild|Any CPU
		{E6EE2830-E4AC-4F2E-AD93-2C9305605761}.NonUiBuild|Any CPU.Build.0 = NonUiBuild|Any CPU
		{E6EE2830-E4AC-4F2E-AD93-2C9305605761}.Release|Any CPU.ActiveCfg = Release|Any CPU
		{E6EE2830-E4AC-4F2E-AD93-2C9305605761}.Release|Any CPU.Build.0 = Release|Any CPU
		{6EE01B17-0966-4E11-8BC1-A5318A92AB1D}.Debug|Any CPU.ActiveCfg = Debug|Any CPU
		{6EE01B17-0966-4E11-8BC1-A5318A92AB1D}.Debug|Any CPU.Build.0 = Debug|Any CPU
		{6EE01B17-0966-4E11-8BC1-A5318A92AB1D}.NonUiBuild|Any CPU.ActiveCfg = NonUiBuild|Any CPU
		{6EE01B17-0966-4E11-8BC1-A5318A92AB1D}.NonUiBuild|Any CPU.Build.0 = NonUiBuild|Any CPU
		{6EE01B17-0966-4E11-8BC1-A5318A92AB1D}.Release|Any CPU.ActiveCfg = Release|Any CPU
		{6EE01B17-0966-4E11-8BC1-A5318A92AB1D}.Release|Any CPU.Build.0 = Release|Any CPU
		{AE3AA23D-5B66-42AF-B44E-B9B4D8856C6F}.Debug|Any CPU.ActiveCfg = Debug|Any CPU
		{AE3AA23D-5B66-42AF-B44E-B9B4D8856C6F}.Debug|Any CPU.Build.0 = Debug|Any CPU
		{AE3AA23D-5B66-42AF-B44E-B9B4D8856C6F}.NonUiBuild|Any CPU.ActiveCfg = NonUiBuild|Any CPU
		{AE3AA23D-5B66-42AF-B44E-B9B4D8856C6F}.NonUiBuild|Any CPU.Build.0 = NonUiBuild|Any CPU
		{AE3AA23D-5B66-42AF-B44E-B9B4D8856C6F}.Release|Any CPU.ActiveCfg = Release|Any CPU
		{AE3AA23D-5B66-42AF-B44E-B9B4D8856C6F}.Release|Any CPU.Build.0 = Release|Any CPU
		{FC6A8F7C-9722-4AE4-960D-277ACB0E81CB}.Debug|Any CPU.ActiveCfg = Debug|Any CPU
		{FC6A8F7C-9722-4AE4-960D-277ACB0E81CB}.Debug|Any CPU.Build.0 = Debug|Any CPU
		{FC6A8F7C-9722-4AE4-960D-277ACB0E81CB}.NonUiBuild|Any CPU.ActiveCfg = NonUiBuild|Any CPU
		{FC6A8F7C-9722-4AE4-960D-277ACB0E81CB}.NonUiBuild|Any CPU.Build.0 = NonUiBuild|Any CPU
		{FC6A8F7C-9722-4AE4-960D-277ACB0E81CB}.Release|Any CPU.ActiveCfg = Release|Any CPU
		{FC6A8F7C-9722-4AE4-960D-277ACB0E81CB}.Release|Any CPU.Build.0 = Release|Any CPU
		{2C7836E7-B120-40A6-B641-DDAA02FBAE23}.Debug|Any CPU.ActiveCfg = Debug|Any CPU
		{2C7836E7-B120-40A6-B641-DDAA02FBAE23}.Debug|Any CPU.Build.0 = Debug|Any CPU
		{2C7836E7-B120-40A6-B641-DDAA02FBAE23}.NonUiBuild|Any CPU.ActiveCfg = NonUiBuild|Any CPU
		{2C7836E7-B120-40A6-B641-DDAA02FBAE23}.NonUiBuild|Any CPU.Build.0 = NonUiBuild|Any CPU
		{2C7836E7-B120-40A6-B641-DDAA02FBAE23}.Release|Any CPU.ActiveCfg = Release|Any CPU
		{2C7836E7-B120-40A6-B641-DDAA02FBAE23}.Release|Any CPU.Build.0 = Release|Any CPU
		{BDD8B924-016E-4CDA-9FFA-50B0A34BCD3C}.Debug|Any CPU.ActiveCfg = Debug|Any CPU
		{BDD8B924-016E-4CDA-9FFA-50B0A34BCD3C}.Debug|Any CPU.Build.0 = Debug|Any CPU
		{BDD8B924-016E-4CDA-9FFA-50B0A34BCD3C}.NonUiBuild|Any CPU.ActiveCfg = NonUiBuild|Any CPU
		{BDD8B924-016E-4CDA-9FFA-50B0A34BCD3C}.NonUiBuild|Any CPU.Build.0 = NonUiBuild|Any CPU
		{BDD8B924-016E-4CDA-9FFA-50B0A34BCD3C}.Release|Any CPU.ActiveCfg = Release|Any CPU
		{BDD8B924-016E-4CDA-9FFA-50B0A34BCD3C}.Release|Any CPU.Build.0 = Release|Any CPU
		{C12F5276-352A-43CF-8E33-400E768E9757}.Debug|Any CPU.ActiveCfg = Debug|Any CPU
		{C12F5276-352A-43CF-8E33-400E768E9757}.Debug|Any CPU.Build.0 = Debug|Any CPU
		{C12F5276-352A-43CF-8E33-400E768E9757}.NonUiBuild|Any CPU.ActiveCfg = NonUiBuild|Any CPU
		{C12F5276-352A-43CF-8E33-400E768E9757}.NonUiBuild|Any CPU.Build.0 = NonUiBuild|Any CPU
		{C12F5276-352A-43CF-8E33-400E768E9757}.Release|Any CPU.ActiveCfg = Release|Any CPU
		{C12F5276-352A-43CF-8E33-400E768E9757}.Release|Any CPU.Build.0 = Release|Any CPU
		{CC8CEFCD-0CB6-45BB-845F-508BCAB5BDC3}.Debug|Any CPU.ActiveCfg = Debug|Any CPU
		{CC8CEFCD-0CB6-45BB-845F-508BCAB5BDC3}.Debug|Any CPU.Build.0 = Debug|Any CPU
		{CC8CEFCD-0CB6-45BB-845F-508BCAB5BDC3}.NonUiBuild|Any CPU.ActiveCfg = NonUiBuild|Any CPU
		{CC8CEFCD-0CB6-45BB-845F-508BCAB5BDC3}.NonUiBuild|Any CPU.Build.0 = NonUiBuild|Any CPU
		{CC8CEFCD-0CB6-45BB-845F-508BCAB5BDC3}.Release|Any CPU.ActiveCfg = Release|Any CPU
		{CC8CEFCD-0CB6-45BB-845F-508BCAB5BDC3}.Release|Any CPU.Build.0 = Release|Any CPU
		{F3969B69-3B07-4884-A7AB-0BAB8B84DF94}.Debug|Any CPU.ActiveCfg = Debug|Any CPU
		{F3969B69-3B07-4884-A7AB-0BAB8B84DF94}.Debug|Any CPU.Build.0 = Debug|Any CPU
		{F3969B69-3B07-4884-A7AB-0BAB8B84DF94}.NonUiBuild|Any CPU.ActiveCfg = NonUiBuild|Any CPU
		{F3969B69-3B07-4884-A7AB-0BAB8B84DF94}.NonUiBuild|Any CPU.Build.0 = NonUiBuild|Any CPU
		{F3969B69-3B07-4884-A7AB-0BAB8B84DF94}.Release|Any CPU.ActiveCfg = Release|Any CPU
		{F3969B69-3B07-4884-A7AB-0BAB8B84DF94}.Release|Any CPU.Build.0 = Release|Any CPU
		{27111E7C-748E-4996-BD71-2117027C6460}.Debug|Any CPU.ActiveCfg = Debug|Any CPU
		{27111E7C-748E-4996-BD71-2117027C6460}.Debug|Any CPU.Build.0 = Debug|Any CPU
		{27111E7C-748E-4996-BD71-2117027C6460}.NonUiBuild|Any CPU.ActiveCfg = NonUiBuild|Any CPU
		{27111E7C-748E-4996-BD71-2117027C6460}.NonUiBuild|Any CPU.Build.0 = NonUiBuild|Any CPU
		{27111E7C-748E-4996-BD71-2117027C6460}.Release|Any CPU.ActiveCfg = Release|Any CPU
		{27111E7C-748E-4996-BD71-2117027C6460}.Release|Any CPU.Build.0 = Release|Any CPU
		{67416CC5-13B2-44BB-98CE-39DA93D6F70E}.Debug|Any CPU.ActiveCfg = Debug|Any CPU
		{67416CC5-13B2-44BB-98CE-39DA93D6F70E}.Debug|Any CPU.Build.0 = Debug|Any CPU
		{67416CC5-13B2-44BB-98CE-39DA93D6F70E}.NonUiBuild|Any CPU.ActiveCfg = NonUiBuild|Any CPU
		{67416CC5-13B2-44BB-98CE-39DA93D6F70E}.NonUiBuild|Any CPU.Build.0 = NonUiBuild|Any CPU
		{67416CC5-13B2-44BB-98CE-39DA93D6F70E}.Release|Any CPU.ActiveCfg = Release|Any CPU
		{67416CC5-13B2-44BB-98CE-39DA93D6F70E}.Release|Any CPU.Build.0 = Release|Any CPU
		{59D19538-0496-44EE-936E-EBBC22CF7B27}.Debug|Any CPU.ActiveCfg = Debug|Any CPU
		{59D19538-0496-44EE-936E-EBBC22CF7B27}.Debug|Any CPU.Build.0 = Debug|Any CPU
		{59D19538-0496-44EE-936E-EBBC22CF7B27}.NonUiBuild|Any CPU.ActiveCfg = NonUiBuild|Any CPU
		{59D19538-0496-44EE-936E-EBBC22CF7B27}.NonUiBuild|Any CPU.Build.0 = NonUiBuild|Any CPU
		{59D19538-0496-44EE-936E-EBBC22CF7B27}.Release|Any CPU.ActiveCfg = Release|Any CPU
		{59D19538-0496-44EE-936E-EBBC22CF7B27}.Release|Any CPU.Build.0 = Release|Any CPU
		{6A922D57-8622-4C36-8E6E-D5BA9E8DA6C0}.Debug|Any CPU.ActiveCfg = Debug|Any CPU
		{6A922D57-8622-4C36-8E6E-D5BA9E8DA6C0}.Debug|Any CPU.Build.0 = Debug|Any CPU
		{6A922D57-8622-4C36-8E6E-D5BA9E8DA6C0}.NonUiBuild|Any CPU.ActiveCfg = NonUiBuild|Any CPU
		{6A922D57-8622-4C36-8E6E-D5BA9E8DA6C0}.NonUiBuild|Any CPU.Build.0 = NonUiBuild|Any CPU
		{6A922D57-8622-4C36-8E6E-D5BA9E8DA6C0}.Release|Any CPU.ActiveCfg = Release|Any CPU
		{6A922D57-8622-4C36-8E6E-D5BA9E8DA6C0}.Release|Any CPU.Build.0 = Release|Any CPU
		{A1B2C3D4-E5F6-7890-ABCD-EF1234567890}.Debug|Any CPU.ActiveCfg = Debug|Any CPU
		{A1B2C3D4-E5F6-7890-ABCD-EF1234567890}.Debug|Any CPU.Build.0 = Debug|Any CPU
		{A1B2C3D4-E5F6-7890-ABCD-EF1234567890}.NonUiBuild|Any CPU.ActiveCfg = NonUiBuild|Any CPU
		{A1B2C3D4-E5F6-7890-ABCD-EF1234567890}.NonUiBuild|Any CPU.Build.0 = NonUiBuild|Any CPU
		{A1B2C3D4-E5F6-7890-ABCD-EF1234567890}.Release|Any CPU.ActiveCfg = Release|Any CPU
		{A1B2C3D4-E5F6-7890-ABCD-EF1234567890}.Release|Any CPU.Build.0 = Release|Any CPU
EndGlobalSection
	GlobalSection(SolutionProperties) = preSolution
		HideSolutionNode = FALSE
	EndGlobalSection
	GlobalSection(NestedProjects) = preSolution
		{EA31F915-31F9-4318-B521-1500CDF40DDF} = {9293CA11-360A-4C20-A674-B9E794431BF5}
		{B39E4558-C557-48E7-AA74-19C5CD809617} = {410F36CF-9C60-428A-B191-6FD90610991A}
		{63E63511-1C7F-4162-8F92-8F7391B3C8A3} = {025FB189-2FFB-4F43-A64B-6F1B5A0D2065}
		{E6EE2830-E4AC-4F2E-AD93-2C9305605761} = {EA30DD15-6280-4687-B370-2956EC2E54E5}
		{6EE01B17-0966-4E11-8BC1-A5318A92AB1D} = {EA30DD15-6280-4687-B370-2956EC2E54E5}
		{FC6A8F7C-9722-4AE4-960D-277ACB0E81CB} = {6F42AB98-9196-44C4-B888-D5E409F415A1}
		{2C7836E7-B120-40A6-B641-DDAA02FBAE23} = {6F42AB98-9196-44C4-B888-D5E409F415A1}
		{BDD8B924-016E-4CDA-9FFA-50B0A34BCD3C} = {6F42AB98-9196-44C4-B888-D5E409F415A1}
		{C12F5276-352A-43CF-8E33-400E768E9757} = {6F42AB98-9196-44C4-B888-D5E409F415A1}
		{CC8CEFCD-0CB6-45BB-845F-508BCAB5BDC3} = {6F42AB98-9196-44C4-B888-D5E409F415A1}
		{F3969B69-3B07-4884-A7AB-0BAB8B84DF94} = {6F42AB98-9196-44C4-B888-D5E409F415A1}
		{27111E7C-748E-4996-BD71-2117027C6460} = {6F42AB98-9196-44C4-B888-D5E409F415A1}
		{59D19538-0496-44EE-936E-EBBC22CF7B27} = {410F36CF-9C60-428A-B191-6FD90610991A}
		{A1B2C3D4-E5F6-7890-ABCD-EF1234567890} = {9293CA11-360A-4C20-A674-B9E794431BF5}
EndGlobalSection
	GlobalSection(ExtensibilityGlobals) = postSolution
		SolutionGuid = {192E9BF8-00B4-45E4-BCCC-4C215725C869}
	EndGlobalSection
EndGlobal
